
Microsoft Visual Studio Solution File, Format Version 12.00
# Visual Studio Version 16
VisualStudioVersion = 16.0.31129.286
MinimumVisualStudioVersion = 10.0.40219.1
Project("{FAE04EC0-301F-11D3-BF4B-00C04F79EFBC}") = "biletPKS", "biletPKS\biletPKS.csproj", "{E2EE9875-61B8-4488-BE8A-F278C4163F4A}"
EndProject
Global
	GlobalSection(SolutionConfigurationPlatforms) = preSolution
		Debug|Any CPU = Debug|Any CPU
		Release|Any CPU = Release|Any CPU
	EndGlobalSection
	GlobalSection(ProjectConfigurationPlatforms) = postSolution
		{E2EE9875-61B8-4488-BE8A-F278C4163F4A}.Debug|Any CPU.ActiveCfg = Debug|Any CPU
		{E2EE9875-61B8-4488-BE8A-F278C4163F4A}.Debug|Any CPU.Build.0 = Debug|Any CPU
		{E2EE9875-61B8-4488-BE8A-F278C4163F4A}.Release|Any CPU.ActiveCfg = Release|Any CPU
		{E2EE9875-61B8-4488-BE8A-F278C4163F4A}.Release|Any CPU.Build.0 = Release|Any CPU
	EndGlobalSection
	GlobalSection(SolutionProperties) = preSolution
		HideSolutionNode = FALSE
	EndGlobalSection
	GlobalSection(ExtensibilityGlobals) = postSolution
		SolutionGuid = {21AFA896-6215-4808-A6B3-98ED0AF019CA}
	EndGlobalSection
EndGlobal
