
Microsoft Visual Studio Solution File, Format Version 12.00
# Visual Studio Version 16
VisualStudioVersion = 16.0.31129.286
MinimumVisualStudioVersion = 10.0.40219.1
Project("{FAE04EC0-301F-11D3-BF4B-00C04F79EFBC}") = "test", "test\test.csproj", "{FECB44C6-E81D-42E0-9F54-C07315F082EE}"
EndProject
Global
	GlobalSection(SolutionConfigurationPlatforms) = preSolution
		Debug|Any CPU = Debug|Any CPU
		Release|Any CPU = Release|Any CPU
	EndGlobalSection
	GlobalSection(ProjectConfigurationPlatforms) = postSolution
		{FECB44C6-E81D-42E0-9F54-C07315F082EE}.Debug|Any CPU.ActiveCfg = Debug|Any CPU
		{FECB44C6-E81D-42E0-9F54-C07315F082EE}.Debug|Any CPU.Build.0 = Debug|Any CPU
		{FECB44C6-E81D-42E0-9F54-C07315F082EE}.Release|Any CPU.ActiveCfg = Release|Any CPU
		{FECB44C6-E81D-42E0-9F54-C07315F082EE}.Release|Any CPU.Build.0 = Release|Any CPU
	EndGlobalSection
	GlobalSection(SolutionProperties) = preSolution
		HideSolutionNode = FALSE
	EndGlobalSection
	GlobalSection(ExtensibilityGlobals) = postSolution
		SolutionGuid = {BDD41DFC-592F-4192-BBB5-C90CEB13C73A}
	EndGlobalSection
EndGlobal
