
Microsoft Visual Studio Solution File, Format Version 12.00
# Visual Studio Version 16
VisualStudioVersion = 16.0.31025.194
MinimumVisualStudioVersion = 10.0.40219.1
Project("{FAE04EC0-301F-11D3-BF4B-00C04F79EFBC}") = "z1", "z1\z1.csproj", "{E2AF7F96-AC15-4296-91C8-B19CF907D282}"
EndProject
Global
	GlobalSection(SolutionConfigurationPlatforms) = preSolution
		Debug|Any CPU = Debug|Any CPU
		Release|Any CPU = Release|Any CPU
	EndGlobalSection
	GlobalSection(ProjectConfigurationPlatforms) = postSolution
		{E2AF7F96-AC15-4296-91C8-B19CF907D282}.Debug|Any CPU.ActiveCfg = Debug|Any CPU
		{E2AF7F96-AC15-4296-91C8-B19CF907D282}.Debug|Any CPU.Build.0 = Debug|Any CPU
		{E2AF7F96-AC15-4296-91C8-B19CF907D282}.Release|Any CPU.ActiveCfg = Release|Any CPU
		{E2AF7F96-AC15-4296-91C8-B19CF907D282}.Release|Any CPU.Build.0 = Release|Any CPU
	EndGlobalSection
	GlobalSection(SolutionProperties) = preSolution
		HideSolutionNode = FALSE
	EndGlobalSection
	GlobalSection(ExtensibilityGlobals) = postSolution
		SolutionGuid = {47D3B77A-EB5D-44E8-BB36-AA7F360687CD}
	EndGlobalSection
EndGlobal
