
Microsoft Visual Studio Solution File, Format Version 12.00
# Visual Studio Version 16
VisualStudioVersion = 16.0.31402.337
MinimumVisualStudioVersion = 10.0.40219.1
Project("{FAE04EC0-301F-11D3-BF4B-00C04F79EFBC}") = "9.3.odczyt", "9.3.odczyt\9.3.odczyt.csproj", "{7C8D87C4-EE44-42BC-AA77-A7F6A885FCDC}"
EndProject
Global
	GlobalSection(SolutionConfigurationPlatforms) = preSolution
		Debug|Any CPU = Debug|Any CPU
		Release|Any CPU = Release|Any CPU
	EndGlobalSection
	GlobalSection(ProjectConfigurationPlatforms) = postSolution
		{7C8D87C4-EE44-42BC-AA77-A7F6A885FCDC}.Debug|Any CPU.ActiveCfg = Debug|Any CPU
		{7C8D87C4-EE44-42BC-AA77-A7F6A885FCDC}.Debug|Any CPU.Build.0 = Debug|Any CPU
		{7C8D87C4-EE44-42BC-AA77-A7F6A885FCDC}.Release|Any CPU.ActiveCfg = Release|Any CPU
		{7C8D87C4-EE44-42BC-AA77-A7F6A885FCDC}.Release|Any CPU.Build.0 = Release|Any CPU
	EndGlobalSection
	GlobalSection(SolutionProperties) = preSolution
		HideSolutionNode = FALSE
	EndGlobalSection
	GlobalSection(ExtensibilityGlobals) = postSolution
		SolutionGuid = {4B4227CF-4775-4326-A84F-942AD771245D}
	EndGlobalSection
EndGlobal
