
Microsoft Visual Studio Solution File, Format Version 12.00
# Visual Studio Version 16
VisualStudioVersion = 16.0.31129.286
MinimumVisualStudioVersion = 10.0.40219.1
Project("{FAE04EC0-301F-11D3-BF4B-00C04F79EFBC}") = "DluzszyNapis", "DluzszyNapis\DluzszyNapis.csproj", "{92352983-D897-4266-8F71-4DD42EFE509D}"
EndProject
Global
	GlobalSection(SolutionConfigurationPlatforms) = preSolution
		Debug|Any CPU = Debug|Any CPU
		Release|Any CPU = Release|Any CPU
	EndGlobalSection
	GlobalSection(ProjectConfigurationPlatforms) = postSolution
		{92352983-D897-4266-8F71-4DD42EFE509D}.Debug|Any CPU.ActiveCfg = Debug|Any CPU
		{92352983-D897-4266-8F71-4DD42EFE509D}.Debug|Any CPU.Build.0 = Debug|Any CPU
		{92352983-D897-4266-8F71-4DD42EFE509D}.Release|Any CPU.ActiveCfg = Release|Any CPU
		{92352983-D897-4266-8F71-4DD42EFE509D}.Release|Any CPU.Build.0 = Release|Any CPU
	EndGlobalSection
	GlobalSection(SolutionProperties) = preSolution
		HideSolutionNode = FALSE
	EndGlobalSection
	GlobalSection(ExtensibilityGlobals) = postSolution
		SolutionGuid = {956E7F1E-B91B-4149-AFDB-BF87B4B72134}
	EndGlobalSection
EndGlobal
