
Microsoft Visual Studio Solution File, Format Version 12.00
# Visual Studio Version 16
VisualStudioVersion = 16.0.31402.337
MinimumVisualStudioVersion = 10.0.40219.1
Project("{FAE04EC0-301F-11D3-BF4B-00C04F79EFBC}") = "semestral", "semestral\semestral.csproj", "{E7BD26D6-9B38-46A0-BFA7-DBDD464CC18A}"
EndProject
Global
	GlobalSection(SolutionConfigurationPlatforms) = preSolution
		Debug|Any CPU = Debug|Any CPU
		Release|Any CPU = Release|Any CPU
	EndGlobalSection
	GlobalSection(ProjectConfigurationPlatforms) = postSolution
		{E7BD26D6-9B38-46A0-BFA7-DBDD464CC18A}.Debug|Any CPU.ActiveCfg = Debug|Any CPU
		{E7BD26D6-9B38-46A0-BFA7-DBDD464CC18A}.Debug|Any CPU.Build.0 = Debug|Any CPU
		{E7BD26D6-9B38-46A0-BFA7-DBDD464CC18A}.Release|Any CPU.ActiveCfg = Release|Any CPU
		{E7BD26D6-9B38-46A0-BFA7-DBDD464CC18A}.Release|Any CPU.Build.0 = Release|Any CPU
	EndGlobalSection
	GlobalSection(SolutionProperties) = preSolution
		HideSolutionNode = FALSE
	EndGlobalSection
	GlobalSection(ExtensibilityGlobals) = postSolution
		SolutionGuid = {ECFB54B2-B48B-4272-B2D4-295064A197B0}
	EndGlobalSection
EndGlobal
