
Microsoft Visual Studio Solution File, Format Version 12.00
# Visual Studio Version 16
VisualStudioVersion = 16.0.31129.286
MinimumVisualStudioVersion = 10.0.40219.1
Project("{FAE04EC0-301F-11D3-BF4B-00C04F79EFBC}") = "pierwsza pierwiastek", "pierwsza pierwiastek\pierwsza pierwiastek.csproj", "{9FB38C1E-0907-46D0-801C-31153CFAB893}"
EndProject
Global
	GlobalSection(SolutionConfigurationPlatforms) = preSolution
		Debug|Any CPU = Debug|Any CPU
		Release|Any CPU = Release|Any CPU
	EndGlobalSection
	GlobalSection(ProjectConfigurationPlatforms) = postSolution
		{9FB38C1E-0907-46D0-801C-31153CFAB893}.Debug|Any CPU.ActiveCfg = Debug|Any CPU
		{9FB38C1E-0907-46D0-801C-31153CFAB893}.Debug|Any CPU.Build.0 = Debug|Any CPU
		{9FB38C1E-0907-46D0-801C-31153CFAB893}.Release|Any CPU.ActiveCfg = Release|Any CPU
		{9FB38C1E-0907-46D0-801C-31153CFAB893}.Release|Any CPU.Build.0 = Release|Any CPU
	EndGlobalSection
	GlobalSection(SolutionProperties) = preSolution
		HideSolutionNode = FALSE
	EndGlobalSection
	GlobalSection(ExtensibilityGlobals) = postSolution
		SolutionGuid = {B992BB93-B635-40AF-A11F-8396777028F0}
	EndGlobalSection
EndGlobal
