
Microsoft Visual Studio Solution File, Format Version 12.00
# Visual Studio Version 16
VisualStudioVersion = 16.0.31402.337
MinimumVisualStudioVersion = 10.0.40219.1
Project("{FAE04EC0-301F-11D3-BF4B-00C04F79EFBC}") = "zjazd.5.1", "zjazd.5.1\zjazd.5.1.csproj", "{8BDEC539-D5A8-4136-A88D-6CD508CB29DC}"
EndProject
Global
	GlobalSection(SolutionConfigurationPlatforms) = preSolution
		Debug|Any CPU = Debug|Any CPU
		Release|Any CPU = Release|Any CPU
	EndGlobalSection
	GlobalSection(ProjectConfigurationPlatforms) = postSolution
		{8BDEC539-D5A8-4136-A88D-6CD508CB29DC}.Debug|Any CPU.ActiveCfg = Debug|Any CPU
		{8BDEC539-D5A8-4136-A88D-6CD508CB29DC}.Debug|Any CPU.Build.0 = Debug|Any CPU
		{8BDEC539-D5A8-4136-A88D-6CD508CB29DC}.Release|Any CPU.ActiveCfg = Release|Any CPU
		{8BDEC539-D5A8-4136-A88D-6CD508CB29DC}.Release|Any CPU.Build.0 = Release|Any CPU
	EndGlobalSection
	GlobalSection(SolutionProperties) = preSolution
		HideSolutionNode = FALSE
	EndGlobalSection
	GlobalSection(ExtensibilityGlobals) = postSolution
		SolutionGuid = {84564F36-F6AC-4452-A83C-83349DC61EF5}
	EndGlobalSection
EndGlobal
