
Microsoft Visual Studio Solution File, Format Version 12.00
# Visual Studio Version 16
VisualStudioVersion = 16.0.31129.286
MinimumVisualStudioVersion = 10.0.40219.1
Project("{FAE04EC0-301F-11D3-BF4B-00C04F79EFBC}") = "dlugosc odcinka", "dlugosc odcinka\dlugosc odcinka.csproj", "{C27DBFBF-9D5A-4E2C-9EF9-187E55453F95}"
EndProject
Global
	GlobalSection(SolutionConfigurationPlatforms) = preSolution
		Debug|Any CPU = Debug|Any CPU
		Release|Any CPU = Release|Any CPU
	EndGlobalSection
	GlobalSection(ProjectConfigurationPlatforms) = postSolution
		{C27DBFBF-9D5A-4E2C-9EF9-187E55453F95}.Debug|Any CPU.ActiveCfg = Debug|Any CPU
		{C27DBFBF-9D5A-4E2C-9EF9-187E55453F95}.Debug|Any CPU.Build.0 = Debug|Any CPU
		{C27DBFBF-9D5A-4E2C-9EF9-187E55453F95}.Release|Any CPU.ActiveCfg = Release|Any CPU
		{C27DBFBF-9D5A-4E2C-9EF9-187E55453F95}.Release|Any CPU.Build.0 = Release|Any CPU
	EndGlobalSection
	GlobalSection(SolutionProperties) = preSolution
		HideSolutionNode = FALSE
	EndGlobalSection
	GlobalSection(ExtensibilityGlobals) = postSolution
		SolutionGuid = {DE747183-CD41-4C23-94B3-BDA7C932BEA0}
	EndGlobalSection
EndGlobal
