
Microsoft Visual Studio Solution File, Format Version 12.00
# Visual Studio Version 16
VisualStudioVersion = 16.0.31025.194
MinimumVisualStudioVersion = 10.0.40219.1
Project("{FAE04EC0-301F-11D3-BF4B-00C04F79EFBC}") = "zadanie1", "zadanie1\zadanie1.csproj", "{0B9348CA-9E62-4B6B-9A0D-457AE70C135C}"
EndProject
Global
	GlobalSection(SolutionConfigurationPlatforms) = preSolution
		Debug|Any CPU = Debug|Any CPU
		Release|Any CPU = Release|Any CPU
	EndGlobalSection
	GlobalSection(ProjectConfigurationPlatforms) = postSolution
		{0B9348CA-9E62-4B6B-9A0D-457AE70C135C}.Debug|Any CPU.ActiveCfg = Debug|Any CPU
		{0B9348CA-9E62-4B6B-9A0D-457AE70C135C}.Debug|Any CPU.Build.0 = Debug|Any CPU
		{0B9348CA-9E62-4B6B-9A0D-457AE70C135C}.Release|Any CPU.ActiveCfg = Release|Any CPU
		{0B9348CA-9E62-4B6B-9A0D-457AE70C135C}.Release|Any CPU.Build.0 = Release|Any CPU
	EndGlobalSection
	GlobalSection(SolutionProperties) = preSolution
		HideSolutionNode = FALSE
	EndGlobalSection
	GlobalSection(ExtensibilityGlobals) = postSolution
		SolutionGuid = {9CA98CD1-967D-47A9-B9EF-D754FB5715A8}
	EndGlobalSection
EndGlobal
