
Microsoft Visual Studio Solution File, Format Version 12.00
# Visual Studio Version 16
VisualStudioVersion = 16.0.31129.286
MinimumVisualStudioVersion = 10.0.40219.1
Project("{FAE04EC0-301F-11D3-BF4B-00C04F79EFBC}") = "tablice parzyste", "tablice parzyste\tablice parzyste.csproj", "{C694E580-34D3-422A-B8FB-4CA64361DAD3}"
EndProject
Global
	GlobalSection(SolutionConfigurationPlatforms) = preSolution
		Debug|Any CPU = Debug|Any CPU
		Release|Any CPU = Release|Any CPU
	EndGlobalSection
	GlobalSection(ProjectConfigurationPlatforms) = postSolution
		{C694E580-34D3-422A-B8FB-4CA64361DAD3}.Debug|Any CPU.ActiveCfg = Debug|Any CPU
		{C694E580-34D3-422A-B8FB-4CA64361DAD3}.Debug|Any CPU.Build.0 = Debug|Any CPU
		{C694E580-34D3-422A-B8FB-4CA64361DAD3}.Release|Any CPU.ActiveCfg = Release|Any CPU
		{C694E580-34D3-422A-B8FB-4CA64361DAD3}.Release|Any CPU.Build.0 = Release|Any CPU
	EndGlobalSection
	GlobalSection(SolutionProperties) = preSolution
		HideSolutionNode = FALSE
	EndGlobalSection
	GlobalSection(ExtensibilityGlobals) = postSolution
		SolutionGuid = {714B9064-EB27-4812-BAA4-A238101AD5A5}
	EndGlobalSection
EndGlobal
