
Microsoft Visual Studio Solution File, Format Version 12.00
# Visual Studio Version 16
VisualStudioVersion = 16.0.31129.286
MinimumVisualStudioVersion = 10.0.40219.1
Project("{FAE04EC0-301F-11D3-BF4B-00C04F79EFBC}") = "MaxTabelaLosowa", "MaxTabelaLosowa\MaxTabelaLosowa.csproj", "{993EF03F-73FE-4186-811B-D9AE0E77CCEC}"
EndProject
Global
	GlobalSection(SolutionConfigurationPlatforms) = preSolution
		Debug|Any CPU = Debug|Any CPU
		Release|Any CPU = Release|Any CPU
	EndGlobalSection
	GlobalSection(ProjectConfigurationPlatforms) = postSolution
		{993EF03F-73FE-4186-811B-D9AE0E77CCEC}.Debug|Any CPU.ActiveCfg = Debug|Any CPU
		{993EF03F-73FE-4186-811B-D9AE0E77CCEC}.Debug|Any CPU.Build.0 = Debug|Any CPU
		{993EF03F-73FE-4186-811B-D9AE0E77CCEC}.Release|Any CPU.ActiveCfg = Release|Any CPU
		{993EF03F-73FE-4186-811B-D9AE0E77CCEC}.Release|Any CPU.Build.0 = Release|Any CPU
	EndGlobalSection
	GlobalSection(SolutionProperties) = preSolution
		HideSolutionNode = FALSE
	EndGlobalSection
	GlobalSection(ExtensibilityGlobals) = postSolution
		SolutionGuid = {59B634C6-51BE-4A7F-A017-9A79E71A34D3}
	EndGlobalSection
EndGlobal
