
Microsoft Visual Studio Solution File, Format Version 12.00
# Visual Studio Version 16
VisualStudioVersion = 16.0.31129.286
MinimumVisualStudioVersion = 10.0.40219.1
Project("{FAE04EC0-301F-11D3-BF4B-00C04F79EFBC}") = "Ćwiczonka 4", "Ćwiczonka 4\Ćwiczonka 4.csproj", "{AE39F609-AA13-4DAB-9A3B-D997D244D7A6}"
EndProject
Global
	GlobalSection(SolutionConfigurationPlatforms) = preSolution
		Debug|Any CPU = Debug|Any CPU
		Release|Any CPU = Release|Any CPU
	EndGlobalSection
	GlobalSection(ProjectConfigurationPlatforms) = postSolution
		{AE39F609-AA13-4DAB-9A3B-D997D244D7A6}.Debug|Any CPU.ActiveCfg = Debug|Any CPU
		{AE39F609-AA13-4DAB-9A3B-D997D244D7A6}.Debug|Any CPU.Build.0 = Debug|Any CPU
		{AE39F609-AA13-4DAB-9A3B-D997D244D7A6}.Release|Any CPU.ActiveCfg = Release|Any CPU
		{AE39F609-AA13-4DAB-9A3B-D997D244D7A6}.Release|Any CPU.Build.0 = Release|Any CPU
	EndGlobalSection
	GlobalSection(SolutionProperties) = preSolution
		HideSolutionNode = FALSE
	EndGlobalSection
	GlobalSection(ExtensibilityGlobals) = postSolution
		SolutionGuid = {A4C1EB64-1E18-4AD0-A2F8-AC5DF6B86337}
	EndGlobalSection
EndGlobal
