
Microsoft Visual Studio Solution File, Format Version 12.00
# Visual Studio Version 16
VisualStudioVersion = 16.0.31402.337
MinimumVisualStudioVersion = 10.0.40219.1
Project("{FAE04EC0-301F-11D3-BF4B-00C04F79EFBC}") = "9.4.parsuj", "9.4.parsuj\9.4.parsuj.csproj", "{5C9D2231-76B3-4555-9195-4F91975B0591}"
EndProject
Global
	GlobalSection(SolutionConfigurationPlatforms) = preSolution
		Debug|Any CPU = Debug|Any CPU
		Release|Any CPU = Release|Any CPU
	EndGlobalSection
	GlobalSection(ProjectConfigurationPlatforms) = postSolution
		{5C9D2231-76B3-4555-9195-4F91975B0591}.Debug|Any CPU.ActiveCfg = Debug|Any CPU
		{5C9D2231-76B3-4555-9195-4F91975B0591}.Debug|Any CPU.Build.0 = Debug|Any CPU
		{5C9D2231-76B3-4555-9195-4F91975B0591}.Release|Any CPU.ActiveCfg = Release|Any CPU
		{5C9D2231-76B3-4555-9195-4F91975B0591}.Release|Any CPU.Build.0 = Release|Any CPU
	EndGlobalSection
	GlobalSection(SolutionProperties) = preSolution
		HideSolutionNode = FALSE
	EndGlobalSection
	GlobalSection(ExtensibilityGlobals) = postSolution
		SolutionGuid = {60F5F548-2D6C-42A9-B6F7-B2CC6AD338C3}
	EndGlobalSection
EndGlobal
