
Microsoft Visual Studio Solution File, Format Version 12.00
# Visual Studio Version 16
VisualStudioVersion = 16.0.31402.337
MinimumVisualStudioVersion = 10.0.40219.1
Project("{FAE04EC0-301F-11D3-BF4B-00C04F79EFBC}") = "zadanie 2", "zadanie 2\zadanie 2.csproj", "{6DCA0B5F-FEE6-40C1-8C61-1C2F384F704C}"
EndProject
Global
	GlobalSection(SolutionConfigurationPlatforms) = preSolution
		Debug|Any CPU = Debug|Any CPU
		Release|Any CPU = Release|Any CPU
	EndGlobalSection
	GlobalSection(ProjectConfigurationPlatforms) = postSolution
		{6DCA0B5F-FEE6-40C1-8C61-1C2F384F704C}.Debug|Any CPU.ActiveCfg = Debug|Any CPU
		{6DCA0B5F-FEE6-40C1-8C61-1C2F384F704C}.Debug|Any CPU.Build.0 = Debug|Any CPU
		{6DCA0B5F-FEE6-40C1-8C61-1C2F384F704C}.Release|Any CPU.ActiveCfg = Release|Any CPU
		{6DCA0B5F-FEE6-40C1-8C61-1C2F384F704C}.Release|Any CPU.Build.0 = Release|Any CPU
	EndGlobalSection
	GlobalSection(SolutionProperties) = preSolution
		HideSolutionNode = FALSE
	EndGlobalSection
	GlobalSection(ExtensibilityGlobals) = postSolution
		SolutionGuid = {746C807F-1C43-45C8-9561-EC5F4F7C3FD2}
	EndGlobalSection
EndGlobal
