
Microsoft Visual Studio Solution File, Format Version 12.00
# Visual Studio Version 16
VisualStudioVersion = 16.0.31129.286
MinimumVisualStudioVersion = 10.0.40219.1
Project("{FAE04EC0-301F-11D3-BF4B-00C04F79EFBC}") = "ile razy pojawila sie", "ile razy pojawila sie\ile razy pojawila sie.csproj", "{DC5643D3-2BC5-44E9-8EC8-7602BB18F64B}"
EndProject
Global
	GlobalSection(SolutionConfigurationPlatforms) = preSolution
		Debug|Any CPU = Debug|Any CPU
		Release|Any CPU = Release|Any CPU
	EndGlobalSection
	GlobalSection(ProjectConfigurationPlatforms) = postSolution
		{DC5643D3-2BC5-44E9-8EC8-7602BB18F64B}.Debug|Any CPU.ActiveCfg = Debug|Any CPU
		{DC5643D3-2BC5-44E9-8EC8-7602BB18F64B}.Debug|Any CPU.Build.0 = Debug|Any CPU
		{DC5643D3-2BC5-44E9-8EC8-7602BB18F64B}.Release|Any CPU.ActiveCfg = Release|Any CPU
		{DC5643D3-2BC5-44E9-8EC8-7602BB18F64B}.Release|Any CPU.Build.0 = Release|Any CPU
	EndGlobalSection
	GlobalSection(SolutionProperties) = preSolution
		HideSolutionNode = FALSE
	EndGlobalSection
	GlobalSection(ExtensibilityGlobals) = postSolution
		SolutionGuid = {D954A9A3-36BB-4466-8C2F-B6F590EEBA2B}
	EndGlobalSection
EndGlobal
