
Microsoft Visual Studio Solution File, Format Version 12.00
# Visual Studio Version 16
VisualStudioVersion = 16.0.31025.194
MinimumVisualStudioVersion = 10.0.40219.1
Project("{FAE04EC0-301F-11D3-BF4B-00C04F79EFBC}") = "poletrojkata", "poletrojkata\poletrojkata.csproj", "{2559AB76-4570-4360-A61B-6F18AB24E01F}"
EndProject
Global
	GlobalSection(SolutionConfigurationPlatforms) = preSolution
		Debug|Any CPU = Debug|Any CPU
		Release|Any CPU = Release|Any CPU
	EndGlobalSection
	GlobalSection(ProjectConfigurationPlatforms) = postSolution
		{2559AB76-4570-4360-A61B-6F18AB24E01F}.Debug|Any CPU.ActiveCfg = Debug|Any CPU
		{2559AB76-4570-4360-A61B-6F18AB24E01F}.Debug|Any CPU.Build.0 = Debug|Any CPU
		{2559AB76-4570-4360-A61B-6F18AB24E01F}.Release|Any CPU.ActiveCfg = Release|Any CPU
		{2559AB76-4570-4360-A61B-6F18AB24E01F}.Release|Any CPU.Build.0 = Release|Any CPU
	EndGlobalSection
	GlobalSection(SolutionProperties) = preSolution
		HideSolutionNode = FALSE
	EndGlobalSection
	GlobalSection(ExtensibilityGlobals) = postSolution
		SolutionGuid = {086E5F15-8A5C-4AA4-87F0-72942DD2FB5F}
	EndGlobalSection
EndGlobal
