
Microsoft Visual Studio Solution File, Format Version 12.00
# Visual Studio Version 16
VisualStudioVersion = 16.0.31025.194
MinimumVisualStudioVersion = 10.0.40219.1
Project("{FAE04EC0-301F-11D3-BF4B-00C04F79EFBC}") = "suma", "suma\suma.csproj", "{194B930D-B77E-4C8C-8F36-5BD4A84690BA}"
EndProject
Global
	GlobalSection(SolutionConfigurationPlatforms) = preSolution
		Debug|Any CPU = Debug|Any CPU
		Release|Any CPU = Release|Any CPU
	EndGlobalSection
	GlobalSection(ProjectConfigurationPlatforms) = postSolution
		{194B930D-B77E-4C8C-8F36-5BD4A84690BA}.Debug|Any CPU.ActiveCfg = Debug|Any CPU
		{194B930D-B77E-4C8C-8F36-5BD4A84690BA}.Debug|Any CPU.Build.0 = Debug|Any CPU
		{194B930D-B77E-4C8C-8F36-5BD4A84690BA}.Release|Any CPU.ActiveCfg = Release|Any CPU
		{194B930D-B77E-4C8C-8F36-5BD4A84690BA}.Release|Any CPU.Build.0 = Release|Any CPU
	EndGlobalSection
	GlobalSection(SolutionProperties) = preSolution
		HideSolutionNode = FALSE
	EndGlobalSection
	GlobalSection(ExtensibilityGlobals) = postSolution
		SolutionGuid = {5AF85484-C5FE-4106-930E-BF7186BCE3F6}
	EndGlobalSection
EndGlobal
