
Microsoft Visual Studio Solution File, Format Version 12.00
# Visual Studio Version 16
VisualStudioVersion = 16.0.31129.286
MinimumVisualStudioVersion = 10.0.40219.1
Project("{FAE04EC0-301F-11D3-BF4B-00C04F79EFBC}") = "switch_tydzien", "switch_tydzien\switch_tydzien.csproj", "{B7337A3C-42A3-4945-9013-28930A3DDF15}"
EndProject
Global
	GlobalSection(SolutionConfigurationPlatforms) = preSolution
		Debug|Any CPU = Debug|Any CPU
		Release|Any CPU = Release|Any CPU
	EndGlobalSection
	GlobalSection(ProjectConfigurationPlatforms) = postSolution
		{B7337A3C-42A3-4945-9013-28930A3DDF15}.Debug|Any CPU.ActiveCfg = Debug|Any CPU
		{B7337A3C-42A3-4945-9013-28930A3DDF15}.Debug|Any CPU.Build.0 = Debug|Any CPU
		{B7337A3C-42A3-4945-9013-28930A3DDF15}.Release|Any CPU.ActiveCfg = Release|Any CPU
		{B7337A3C-42A3-4945-9013-28930A3DDF15}.Release|Any CPU.Build.0 = Release|Any CPU
	EndGlobalSection
	GlobalSection(SolutionProperties) = preSolution
		HideSolutionNode = FALSE
	EndGlobalSection
	GlobalSection(ExtensibilityGlobals) = postSolution
		SolutionGuid = {0ADC20CC-0573-41AD-BE44-7838478F4127}
	EndGlobalSection
EndGlobal
