
Microsoft Visual Studio Solution File, Format Version 12.00
# Visual Studio Version 16
VisualStudioVersion = 16.0.31129.286
MinimumVisualStudioVersion = 10.0.40219.1
Project("{FAE04EC0-301F-11D3-BF4B-00C04F79EFBC}") = "4 obiekty, 5 parametrów", "4 obiekty, 5 parametrów\4 obiekty, 5 parametrów.csproj", "{D1A736A0-32B9-4C5B-8315-7C2F6919C566}"
EndProject
Global
	GlobalSection(SolutionConfigurationPlatforms) = preSolution
		Debug|Any CPU = Debug|Any CPU
		Release|Any CPU = Release|Any CPU
	EndGlobalSection
	GlobalSection(ProjectConfigurationPlatforms) = postSolution
		{D1A736A0-32B9-4C5B-8315-7C2F6919C566}.Debug|Any CPU.ActiveCfg = Debug|Any CPU
		{D1A736A0-32B9-4C5B-8315-7C2F6919C566}.Debug|Any CPU.Build.0 = Debug|Any CPU
		{D1A736A0-32B9-4C5B-8315-7C2F6919C566}.Release|Any CPU.ActiveCfg = Release|Any CPU
		{D1A736A0-32B9-4C5B-8315-7C2F6919C566}.Release|Any CPU.Build.0 = Release|Any CPU
	EndGlobalSection
	GlobalSection(SolutionProperties) = preSolution
		HideSolutionNode = FALSE
	EndGlobalSection
	GlobalSection(ExtensibilityGlobals) = postSolution
		SolutionGuid = {BB24C3A9-798D-4E59-806E-723329715D3D}
	EndGlobalSection
EndGlobal
