
Microsoft Visual Studio Solution File, Format Version 12.00
# Visual Studio Version 16
VisualStudioVersion = 16.0.31129.286
MinimumVisualStudioVersion = 10.0.40219.1
Project("{FAE04EC0-301F-11D3-BF4B-00C04F79EFBC}") = "DoWhile", "DoWhile\DoWhile.csproj", "{AEDDFF77-E054-484B-9E4F-E3BA2632FC49}"
EndProject
Global
	GlobalSection(SolutionConfigurationPlatforms) = preSolution
		Debug|Any CPU = Debug|Any CPU
		Release|Any CPU = Release|Any CPU
	EndGlobalSection
	GlobalSection(ProjectConfigurationPlatforms) = postSolution
		{AEDDFF77-E054-484B-9E4F-E3BA2632FC49}.Debug|Any CPU.ActiveCfg = Debug|Any CPU
		{AEDDFF77-E054-484B-9E4F-E3BA2632FC49}.Debug|Any CPU.Build.0 = Debug|Any CPU
		{AEDDFF77-E054-484B-9E4F-E3BA2632FC49}.Release|Any CPU.ActiveCfg = Release|Any CPU
		{AEDDFF77-E054-484B-9E4F-E3BA2632FC49}.Release|Any CPU.Build.0 = Release|Any CPU
	EndGlobalSection
	GlobalSection(SolutionProperties) = preSolution
		HideSolutionNode = FALSE
	EndGlobalSection
	GlobalSection(ExtensibilityGlobals) = postSolution
		SolutionGuid = {96B926DD-082D-4394-97D4-E4A53A04C81A}
	EndGlobalSection
EndGlobal
