
Microsoft Visual Studio Solution File, Format Version 12.00
# Visual Studio Version 16
VisualStudioVersion = 16.0.31129.286
MinimumVisualStudioVersion = 10.0.40219.1
Project("{FAE04EC0-301F-11D3-BF4B-00C04F79EFBC}") = "Histogram Z Gwiazdek", "Histogram Z Gwiazdek\Histogram Z Gwiazdek.csproj", "{8468E948-8EDD-436F-8E05-63A6A4172D3D}"
EndProject
Global
	GlobalSection(SolutionConfigurationPlatforms) = preSolution
		Debug|Any CPU = Debug|Any CPU
		Release|Any CPU = Release|Any CPU
	EndGlobalSection
	GlobalSection(ProjectConfigurationPlatforms) = postSolution
		{8468E948-8EDD-436F-8E05-63A6A4172D3D}.Debug|Any CPU.ActiveCfg = Debug|Any CPU
		{8468E948-8EDD-436F-8E05-63A6A4172D3D}.Debug|Any CPU.Build.0 = Debug|Any CPU
		{8468E948-8EDD-436F-8E05-63A6A4172D3D}.Release|Any CPU.ActiveCfg = Release|Any CPU
		{8468E948-8EDD-436F-8E05-63A6A4172D3D}.Release|Any CPU.Build.0 = Release|Any CPU
	EndGlobalSection
	GlobalSection(SolutionProperties) = preSolution
		HideSolutionNode = FALSE
	EndGlobalSection
	GlobalSection(ExtensibilityGlobals) = postSolution
		SolutionGuid = {6A2077B6-8920-4FCE-9032-A2F1904CB43C}
	EndGlobalSection
EndGlobal
