
Microsoft Visual Studio Solution File, Format Version 12.00
# Visual Studio Version 16
VisualStudioVersion = 16.0.31129.286
MinimumVisualStudioVersion = 10.0.40219.1
Project("{FAE04EC0-301F-11D3-BF4B-00C04F79EFBC}") = "4 obiekty 5 parametrow 2", "4 obiekty 5 parametrow 2\4 obiekty 5 parametrow 2.csproj", "{A7FE6732-E1F2-4D69-B6D0-E8EAB038DE44}"
EndProject
Global
	GlobalSection(SolutionConfigurationPlatforms) = preSolution
		Debug|Any CPU = Debug|Any CPU
		Release|Any CPU = Release|Any CPU
	EndGlobalSection
	GlobalSection(ProjectConfigurationPlatforms) = postSolution
		{A7FE6732-E1F2-4D69-B6D0-E8EAB038DE44}.Debug|Any CPU.ActiveCfg = Debug|Any CPU
		{A7FE6732-E1F2-4D69-B6D0-E8EAB038DE44}.Debug|Any CPU.Build.0 = Debug|Any CPU
		{A7FE6732-E1F2-4D69-B6D0-E8EAB038DE44}.Release|Any CPU.ActiveCfg = Release|Any CPU
		{A7FE6732-E1F2-4D69-B6D0-E8EAB038DE44}.Release|Any CPU.Build.0 = Release|Any CPU
	EndGlobalSection
	GlobalSection(SolutionProperties) = preSolution
		HideSolutionNode = FALSE
	EndGlobalSection
	GlobalSection(ExtensibilityGlobals) = postSolution
		SolutionGuid = {0C35F8DE-224B-4A9E-B697-A619CD7A4B26}
	EndGlobalSection
EndGlobal
