
Microsoft Visual Studio Solution File, Format Version 12.00
# Visual Studio Version 16
VisualStudioVersion = 16.0.31402.337
MinimumVisualStudioVersion = 10.0.40219.1
Project("{FAE04EC0-301F-11D3-BF4B-00C04F79EFBC}") = "interfejs_graficzny", "interfejs_graficzny\interfejs_graficzny.csproj", "{F5CDE9DF-7C7C-4CCF-8ED5-052B88288FCF}"
EndProject
Global
	GlobalSection(SolutionConfigurationPlatforms) = preSolution
		Debug|Any CPU = Debug|Any CPU
		Release|Any CPU = Release|Any CPU
	EndGlobalSection
	GlobalSection(ProjectConfigurationPlatforms) = postSolution
		{F5CDE9DF-7C7C-4CCF-8ED5-052B88288FCF}.Debug|Any CPU.ActiveCfg = Debug|Any CPU
		{F5CDE9DF-7C7C-4CCF-8ED5-052B88288FCF}.Debug|Any CPU.Build.0 = Debug|Any CPU
		{F5CDE9DF-7C7C-4CCF-8ED5-052B88288FCF}.Release|Any CPU.ActiveCfg = Release|Any CPU
		{F5CDE9DF-7C7C-4CCF-8ED5-052B88288FCF}.Release|Any CPU.Build.0 = Release|Any CPU
	EndGlobalSection
	GlobalSection(SolutionProperties) = preSolution
		HideSolutionNode = FALSE
	EndGlobalSection
	GlobalSection(ExtensibilityGlobals) = postSolution
		SolutionGuid = {ECA81A99-915C-40D5-9460-4051F218CF0C}
	EndGlobalSection
EndGlobal
