
Microsoft Visual Studio Solution File, Format Version 12.00
# Visual Studio Version 16
VisualStudioVersion = 16.0.31402.337
MinimumVisualStudioVersion = 10.0.40219.1
Project("{FAE04EC0-301F-11D3-BF4B-00C04F79EFBC}") = "net", "net\net.csproj", "{CFAA3D56-CA81-4A58-A23B-8F017477D5A7}"
EndProject
Global
	GlobalSection(SolutionConfigurationPlatforms) = preSolution
		Debug|Any CPU = Debug|Any CPU
		Release|Any CPU = Release|Any CPU
	EndGlobalSection
	GlobalSection(ProjectConfigurationPlatforms) = postSolution
		{CFAA3D56-CA81-4A58-A23B-8F017477D5A7}.Debug|Any CPU.ActiveCfg = Debug|Any CPU
		{CFAA3D56-CA81-4A58-A23B-8F017477D5A7}.Debug|Any CPU.Build.0 = Debug|Any CPU
		{CFAA3D56-CA81-4A58-A23B-8F017477D5A7}.Release|Any CPU.ActiveCfg = Release|Any CPU
		{CFAA3D56-CA81-4A58-A23B-8F017477D5A7}.Release|Any CPU.Build.0 = Release|Any CPU
	EndGlobalSection
	GlobalSection(SolutionProperties) = preSolution
		HideSolutionNode = FALSE
	EndGlobalSection
	GlobalSection(ExtensibilityGlobals) = postSolution
		SolutionGuid = {184952D4-F0AA-4AB5-AEC0-60B798C5C562}
	EndGlobalSection
EndGlobal
