
Microsoft Visual Studio Solution File, Format Version 12.00
# Visual Studio Version 16
VisualStudioVersion = 16.0.31129.286
MinimumVisualStudioVersion = 10.0.40219.1
Project("{FAE04EC0-301F-11D3-BF4B-00C04F79EFBC}") = "Tabele zad2", "Tabele zad2\Tabele zad2.csproj", "{CF34D891-1360-430E-B029-63AB411DC168}"
EndProject
Global
	GlobalSection(SolutionConfigurationPlatforms) = preSolution
		Debug|Any CPU = Debug|Any CPU
		Release|Any CPU = Release|Any CPU
	EndGlobalSection
	GlobalSection(ProjectConfigurationPlatforms) = postSolution
		{CF34D891-1360-430E-B029-63AB411DC168}.Debug|Any CPU.ActiveCfg = Debug|Any CPU
		{CF34D891-1360-430E-B029-63AB411DC168}.Debug|Any CPU.Build.0 = Debug|Any CPU
		{CF34D891-1360-430E-B029-63AB411DC168}.Release|Any CPU.ActiveCfg = Release|Any CPU
		{CF34D891-1360-430E-B029-63AB411DC168}.Release|Any CPU.Build.0 = Release|Any CPU
	EndGlobalSection
	GlobalSection(SolutionProperties) = preSolution
		HideSolutionNode = FALSE
	EndGlobalSection
	GlobalSection(ExtensibilityGlobals) = postSolution
		SolutionGuid = {4A91E9BE-79AD-4D3D-B38E-913A3B523D6C}
	EndGlobalSection
EndGlobal
